
Microsoft Visual Studio Solution File, Format Version 12.00
# Visual Studio 14
VisualStudioVersion = 14.0.25420.1
MinimumVisualStudioVersion = 10.0.40219.1
Project("{FAE04EC0-301F-11D3-BF4B-00C04F79EFBC}") = "WpfApplication1", "WpfApplication1\WpfApplication1.csproj", "{BA0596CD-41B6-4812-ABFB-6B0E3893B2A0}"
EndProject
Project("{FAE04EC0-301F-11D3-BF4B-00C04F79EFBC}") = "ScanImport", "ScanImport\ScanImport.csproj", "{9A83B41A-D02F-4721-ABB3-E23F9E94B297}"
EndProject
Global
	GlobalSection(SolutionConfigurationPlatforms) = preSolution
		Debug|Any CPU = Debug|Any CPU
		Debug|x64 = Debug|x64
		Release|Any CPU = Release|Any CPU
		Release|x64 = Release|x64
	EndGlobalSection
	GlobalSection(ProjectConfigurationPlatforms) = postSolution
		{BA0596CD-41B6-4812-ABFB-6B0E3893B2A0}.Debug|Any CPU.ActiveCfg = Debug|Any CPU
		{BA0596CD-41B6-4812-ABFB-6B0E3893B2A0}.Debug|Any CPU.Build.0 = Debug|Any CPU
		{BA0596CD-41B6-4812-ABFB-6B0E3893B2A0}.Debug|x64.ActiveCfg = Debug|x64
		{BA0596CD-41B6-4812-ABFB-6B0E3893B2A0}.Debug|x64.Build.0 = Debug|x64
		{BA0596CD-41B6-4812-ABFB-6B0E3893B2A0}.Release|Any CPU.ActiveCfg = Release|Any CPU
		{BA0596CD-41B6-4812-ABFB-6B0E3893B2A0}.Release|Any CPU.Build.0 = Release|Any CPU
		{BA0596CD-41B6-4812-ABFB-6B0E3893B2A0}.Release|x64.ActiveCfg = Release|x64
		{BA0596CD-41B6-4812-ABFB-6B0E3893B2A0}.Release|x64.Build.0 = Release|x64
		{9A83B41A-D02F-4721-ABB3-E23F9E94B297}.Debug|Any CPU.ActiveCfg = Debug|Any CPU
		{9A83B41A-D02F-4721-ABB3-E23F9E94B297}.Debug|Any CPU.Build.0 = Debug|Any CPU
		{9A83B41A-D02F-4721-ABB3-E23F9E94B297}.Debug|x64.ActiveCfg = Debug|Any CPU
		{9A83B41A-D02F-4721-ABB3-E23F9E94B297}.Debug|x64.Build.0 = Debug|Any CPU
		{9A83B41A-D02F-4721-ABB3-E23F9E94B297}.Release|Any CPU.ActiveCfg = Release|Any CPU
		{9A83B41A-D02F-4721-ABB3-E23F9E94B297}.Release|Any CPU.Build.0 = Release|Any CPU
		{9A83B41A-D02F-4721-ABB3-E23F9E94B297}.Release|x64.ActiveCfg = Release|Any CPU
		{9A83B41A-D02F-4721-ABB3-E23F9E94B297}.Release|x64.Build.0 = Release|Any CPU
	EndGlobalSection
	GlobalSection(SolutionProperties) = preSolution
		HideSolutionNode = FALSE
	EndGlobalSection
EndGlobal
